
Microsoft Visual Studio Solution File, Format Version 12.00
# Visual Studio Version 17
VisualStudioVersion = 17.11.35222.181
MinimumVisualStudioVersion = 10.0.40219.1
Project("{9A19103F-16F7-4668-BE54-9A1E7A4F7556}") = "MiniGithub", "MiniGithub.csproj", "{CC270EEB-BFEB-4989-B4A8-6CDA63C968A9}"
EndProject
Global
	GlobalSection(SolutionConfigurationPlatforms) = preSolution
		Debug|Any CPU = Debug|Any CPU
		Release|Any CPU = Release|Any CPU
	EndGlobalSection
	GlobalSection(ProjectConfigurationPlatforms) = postSolution
		{CC270EEB-BFEB-4989-B4A8-6CDA63C968A9}.Debug|Any CPU.ActiveCfg = Debug|Any CPU
		{CC270EEB-BFEB-4989-B4A8-6CDA63C968A9}.Debug|Any CPU.Build.0 = Debug|Any CPU
		{CC270EEB-BFEB-4989-B4A8-6CDA63C968A9}.Release|Any CPU.ActiveCfg = Release|Any CPU
		{CC270EEB-BFEB-4989-B4A8-6CDA63C968A9}.Release|Any CPU.Build.0 = Release|Any CPU
	EndGlobalSection
	GlobalSection(SolutionProperties) = preSolution
		HideSolutionNode = FALSE
	EndGlobalSection
	GlobalSection(ExtensibilityGlobals) = postSolution
		SolutionGuid = {1A579772-2019-4097-AF65-FF50D1FE4986}
	EndGlobalSection
EndGlobal
